
Microsoft Visual Studio Solution File, Format Version 12.00
# Visual Studio 15
Project("{FAE04EC0-301F-11D3-BF4B-00C04F79EFBC}") = "VS4Mac.Sweeper", "VS4Mac.Sweeper\VS4Mac.Sweeper.csproj", "{A40CC8A7-198C-4E0A-ABAB-B955CFAC899A}"
EndProject
Global
	GlobalSection(SolutionConfigurationPlatforms) = preSolution
		Debug|Any CPU = Debug|Any CPU
		Release|Any CPU = Release|Any CPU
	EndGlobalSection
	GlobalSection(ProjectConfigurationPlatforms) = postSolution
		{A40CC8A7-198C-4E0A-ABAB-B955CFAC899A}.Debug|Any CPU.ActiveCfg = Debug|Any CPU
		{A40CC8A7-198C-4E0A-ABAB-B955CFAC899A}.Debug|Any CPU.Build.0 = Debug|Any CPU
		{A40CC8A7-198C-4E0A-ABAB-B955CFAC899A}.Release|Any CPU.ActiveCfg = Release|Any CPU
		{A40CC8A7-198C-4E0A-ABAB-B955CFAC899A}.Release|Any CPU.Build.0 = Release|Any CPU
	EndGlobalSection
EndGlobal
